{
  "name": "wasm4-sudoku",
  "version": "1.0.0",
  "lockfileVersion": 3,
  "requires": true,
  "packages": {
    "": {
      "name": "wasm4-sudoku",
      "version": "1.0.0",
      "devDependencies": {
        "assemblyscript": "^0.20.14"
      }
    },
    "node_modules/assemblyscript": {
      "version": "0.20.19",
      "dev": true,
      "license": "Apache-2.0",
      "dependencies": {
        "binaryen": "109.0.0-nightly.20220813",
        "long": "^5.2.0"
      },
      "bin": {
        "asc": "bin/asc.js",
        "asinit": "bin/asinit.js"
      },
      "engines": {
        "node": ">=16.0.0",
        "npm": ">=7.0.0"
      },
      "funding": {
        "type": "opencollective",
        "url": "https://opencollective.com/assemblyscript"
      }
    },
    "node_modules/binaryen": {
      "version": "109.0.0-nightly.20220813",
      "dev": true,
      "license": "Apache-2.0",
      "bin": {
        "wasm-opt": "bin/wasm-opt",
        "wasm2js": "bin/wasm2js"
      }
    },
    "node_modules/long": {
      "version": "5.2.3",
      "dev": true,
      "license": "Apache-2.0"
    }
  }
}
